github.com/google/uuid v1.4.0 h1:MtMxsa51/r9yyhkyLsVeVt0B+BGQZzpQiTQ4eHZ8bc4=
github.com/google/uuid v1.4.0/go.mod h1:TIyPZe4MgqvfeYDBFedMoGGpEw/LqOeaOT+nhxU+yHo=
gopkg.in/gographics/imagick.v2 v2.6.3 h1:m1l5y3HMoYsXLRSDK3VQyK/xjPwClfH/0W7ZN73pTO4=
gopkg.in/gographics/imagick.v2 v2.6.3/go.mod h1:/QVPLV/iKdNttRKthmDkeeGg+vdHurVEPc8zkU0XgBk=
